
Microsoft Visual Studio Solution File, Format Version 12.00
# Visual Studio Version 16
VisualStudioVersion = 16.0.32228.343
MinimumVisualStudioVersion = 10.0.40219.1
Project("{9A19103F-16F7-4668-BE54-9A1E7A4F7556}") = "DotNetBatch", "DotNetBatch.csproj", "{6AC48D8B-FD2C-4C63-BC0C-C5D4009901D4}"
EndProject
Project("{9A19103F-16F7-4668-BE54-9A1E7A4F7556}") = "Assignment", "..\Assignment\Assignment.csproj", "{19EC148D-DDD6-4CD8-8A4D-6575E44EEB2F}"
EndProject
Project("{9A19103F-16F7-4668-BE54-9A1E7A4F7556}") = "Interviewkit", "..\Interviewkit\Interviewkit.csproj", "{B6D398B8-5F76-407E-B85B-D795F49089B1}"
EndProject
Project("{9A19103F-16F7-4668-BE54-9A1E7A4F7556}") = "ExceptionH", "..\ExceptionH\ExceptionH.csproj", "{AD02B870-AB13-4124-8F0B-F426EFD48714}"
EndProject
Project("{FAE04EC0-301F-11D3-BF4B-00C04F79EFBC}") = "AdvanceCSharp", "..\AdvanceCSharp\AdvanceCSharp.csproj", "{DE21778C-C6A6-4B14-AF1C-AD5B58E2BE2E}"
EndProject
Global
	GlobalSection(SolutionConfigurationPlatforms) = preSolution
		Debug|Any CPU = Debug|Any CPU
		Release|Any CPU = Release|Any CPU
	EndGlobalSection
	GlobalSection(ProjectConfigurationPlatforms) = postSolution
		{6AC48D8B-FD2C-4C63-BC0C-C5D4009901D4}.Debug|Any CPU.ActiveCfg = Debug|Any CPU
		{6AC48D8B-FD2C-4C63-BC0C-C5D4009901D4}.Debug|Any CPU.Build.0 = Debug|Any CPU
		{6AC48D8B-FD2C-4C63-BC0C-C5D4009901D4}.Release|Any CPU.ActiveCfg = Release|Any CPU
		{6AC48D8B-FD2C-4C63-BC0C-C5D4009901D4}.Release|Any CPU.Build.0 = Release|Any CPU
		{19EC148D-DDD6-4CD8-8A4D-6575E44EEB2F}.Debug|Any CPU.ActiveCfg = Debug|Any CPU
		{19EC148D-DDD6-4CD8-8A4D-6575E44EEB2F}.Debug|Any CPU.Build.0 = Debug|Any CPU
		{19EC148D-DDD6-4CD8-8A4D-6575E44EEB2F}.Release|Any CPU.ActiveCfg = Release|Any CPU
		{19EC148D-DDD6-4CD8-8A4D-6575E44EEB2F}.Release|Any CPU.Build.0 = Release|Any CPU
		{B6D398B8-5F76-407E-B85B-D795F49089B1}.Debug|Any CPU.ActiveCfg = Debug|Any CPU
		{B6D398B8-5F76-407E-B85B-D795F49089B1}.Debug|Any CPU.Build.0 = Debug|Any CPU
		{B6D398B8-5F76-407E-B85B-D795F49089B1}.Release|Any CPU.ActiveCfg = Release|Any CPU
		{B6D398B8-5F76-407E-B85B-D795F49089B1}.Release|Any CPU.Build.0 = Release|Any CPU
		{AD02B870-AB13-4124-8F0B-F426EFD48714}.Debug|Any CPU.ActiveCfg = Debug|Any CPU
		{AD02B870-AB13-4124-8F0B-F426EFD48714}.Debug|Any CPU.Build.0 = Debug|Any CPU
		{AD02B870-AB13-4124-8F0B-F426EFD48714}.Release|Any CPU.ActiveCfg = Release|Any CPU
		{AD02B870-AB13-4124-8F0B-F426EFD48714}.Release|Any CPU.Build.0 = Release|Any CPU
		{DE21778C-C6A6-4B14-AF1C-AD5B58E2BE2E}.Debug|Any CPU.ActiveCfg = Debug|Any CPU
		{DE21778C-C6A6-4B14-AF1C-AD5B58E2BE2E}.Debug|Any CPU.Build.0 = Debug|Any CPU
		{DE21778C-C6A6-4B14-AF1C-AD5B58E2BE2E}.Release|Any CPU.ActiveCfg = Release|Any CPU
		{DE21778C-C6A6-4B14-AF1C-AD5B58E2BE2E}.Release|Any CPU.Build.0 = Release|Any CPU
	EndGlobalSection
	GlobalSection(SolutionProperties) = preSolution
		HideSolutionNode = FALSE
	EndGlobalSection
	GlobalSection(ExtensibilityGlobals) = postSolution
		SolutionGuid = {01CBCEAC-2D7B-4074-B9F3-C96776169EEC}
	EndGlobalSection
EndGlobal
